
Microsoft Visual Studio Solution File, Format Version 12.00
# Visual Studio Version 17
VisualStudioVersion = 17.11.35303.130
MinimumVisualStudioVersion = 10.0.40219.1
Project("{FAE04EC0-301F-11D3-BF4B-00C04F79EFBC}") = "ShopInventory", "ShopInventory.csproj", "{4DAAC4FA-AD7F-4B4A-8B46-F2CC5F3FEB1F}"
EndProject
Global
	GlobalSection(SolutionConfigurationPlatforms) = preSolution
		Debug|Any CPU = Debug|Any CPU
		Release|Any CPU = Release|Any CPU
	EndGlobalSection
	GlobalSection(ProjectConfigurationPlatforms) = postSolution
		{4DAAC4FA-AD7F-4B4A-8B46-F2CC5F3FEB1F}.Debug|Any CPU.ActiveCfg = Debug|Any CPU
		{4DAAC4FA-AD7F-4B4A-8B46-F2CC5F3FEB1F}.Debug|Any CPU.Build.0 = Debug|Any CPU
		{4DAAC4FA-AD7F-4B4A-8B46-F2CC5F3FEB1F}.Release|Any CPU.ActiveCfg = Release|Any CPU
		{4DAAC4FA-AD7F-4B4A-8B46-F2CC5F3FEB1F}.Release|Any CPU.Build.0 = Release|Any CPU
	EndGlobalSection
	GlobalSection(SolutionProperties) = preSolution
		HideSolutionNode = FALSE
	EndGlobalSection
	GlobalSection(ExtensibilityGlobals) = postSolution
		SolutionGuid = {FC94485B-7A25-4EAF-B4DC-66EAD2C2B5B1}
	EndGlobalSection
EndGlobal
